
Microsoft Visual Studio Solution File, Format Version 12.00
# Visual Studio 15
VisualStudioVersion = 15.0.26730.16
MinimumVisualStudioVersion = 10.0.40219.1
Project("{FAE04EC0-301F-11D3-BF4B-00C04F79EFBC}") = "CatOwners.Repository", "CatOwners.Repository\CatOwners.Repository.csproj", "{8E476193-2E76-46D1-B000-FBEE04D66A0C}"
EndProject
Project("{FAE04EC0-301F-11D3-BF4B-00C04F79EFBC}") = "CatOwners.Model", "CatOwners.Model\CatOwners.Model.csproj", "{D174F32F-8DF5-49D6-A91A-54A066D052B8}"
EndProject
Project("{FAE04EC0-301F-11D3-BF4B-00C04F79EFBC}") = "CatOwners.Utilities", "CatOwners.Utilities\CatOwners.Utilities.csproj", "{1B4FE3FC-F933-43AE-B4A6-9466AD3B3F63}"
EndProject
Project("{FAE04EC0-301F-11D3-BF4B-00C04F79EFBC}") = "CatOwners.Tests", "CatOwners.Tests\CatOwners.Tests.csproj", "{D347679F-1E6E-48FE-9F96-B70C0094766C}"
EndProject
Project("{2150E333-8FDC-42A3-9474-1A3956D46DE8}") = "Src", "Src", "{39A82834-5804-4329-ADE0-75FDB4981694}"
EndProject
Project("{2150E333-8FDC-42A3-9474-1A3956D46DE8}") = "Tests", "Tests", "{6D66E9EC-5056-47D1-A349-B4C33F0A53BF}"
EndProject
Project("{FAE04EC0-301F-11D3-BF4B-00C04F79EFBC}") = "CatOwners.Bll", "CatOwners.BLL\CatOwners.Bll.csproj", "{CCD86914-5CF0-46E2-BE02-4A6B03DE2D82}"
EndProject
Global
	GlobalSection(SolutionConfigurationPlatforms) = preSolution
		Debug|Any CPU = Debug|Any CPU
		Release|Any CPU = Release|Any CPU
	EndGlobalSection
	GlobalSection(ProjectConfigurationPlatforms) = postSolution
		{8E476193-2E76-46D1-B000-FBEE04D66A0C}.Debug|Any CPU.ActiveCfg = Debug|Any CPU
		{8E476193-2E76-46D1-B000-FBEE04D66A0C}.Debug|Any CPU.Build.0 = Debug|Any CPU
		{8E476193-2E76-46D1-B000-FBEE04D66A0C}.Release|Any CPU.ActiveCfg = Release|Any CPU
		{8E476193-2E76-46D1-B000-FBEE04D66A0C}.Release|Any CPU.Build.0 = Release|Any CPU
		{D174F32F-8DF5-49D6-A91A-54A066D052B8}.Debug|Any CPU.ActiveCfg = Debug|Any CPU
		{D174F32F-8DF5-49D6-A91A-54A066D052B8}.Debug|Any CPU.Build.0 = Debug|Any CPU
		{D174F32F-8DF5-49D6-A91A-54A066D052B8}.Release|Any CPU.ActiveCfg = Release|Any CPU
		{D174F32F-8DF5-49D6-A91A-54A066D052B8}.Release|Any CPU.Build.0 = Release|Any CPU
		{1B4FE3FC-F933-43AE-B4A6-9466AD3B3F63}.Debug|Any CPU.ActiveCfg = Debug|Any CPU
		{1B4FE3FC-F933-43AE-B4A6-9466AD3B3F63}.Debug|Any CPU.Build.0 = Debug|Any CPU
		{1B4FE3FC-F933-43AE-B4A6-9466AD3B3F63}.Release|Any CPU.ActiveCfg = Release|Any CPU
		{1B4FE3FC-F933-43AE-B4A6-9466AD3B3F63}.Release|Any CPU.Build.0 = Release|Any CPU
		{D347679F-1E6E-48FE-9F96-B70C0094766C}.Debug|Any CPU.ActiveCfg = Debug|Any CPU
		{D347679F-1E6E-48FE-9F96-B70C0094766C}.Debug|Any CPU.Build.0 = Debug|Any CPU
		{D347679F-1E6E-48FE-9F96-B70C0094766C}.Release|Any CPU.ActiveCfg = Release|Any CPU
		{D347679F-1E6E-48FE-9F96-B70C0094766C}.Release|Any CPU.Build.0 = Release|Any CPU
		{CCD86914-5CF0-46E2-BE02-4A6B03DE2D82}.Debug|Any CPU.ActiveCfg = Debug|Any CPU
		{CCD86914-5CF0-46E2-BE02-4A6B03DE2D82}.Debug|Any CPU.Build.0 = Debug|Any CPU
		{CCD86914-5CF0-46E2-BE02-4A6B03DE2D82}.Release|Any CPU.ActiveCfg = Release|Any CPU
		{CCD86914-5CF0-46E2-BE02-4A6B03DE2D82}.Release|Any CPU.Build.0 = Release|Any CPU
	EndGlobalSection
	GlobalSection(SolutionProperties) = preSolution
		HideSolutionNode = FALSE
	EndGlobalSection
	GlobalSection(NestedProjects) = preSolution
		{8E476193-2E76-46D1-B000-FBEE04D66A0C} = {39A82834-5804-4329-ADE0-75FDB4981694}
		{D174F32F-8DF5-49D6-A91A-54A066D052B8} = {39A82834-5804-4329-ADE0-75FDB4981694}
		{1B4FE3FC-F933-43AE-B4A6-9466AD3B3F63} = {39A82834-5804-4329-ADE0-75FDB4981694}
		{D347679F-1E6E-48FE-9F96-B70C0094766C} = {6D66E9EC-5056-47D1-A349-B4C33F0A53BF}
		{CCD86914-5CF0-46E2-BE02-4A6B03DE2D82} = {39A82834-5804-4329-ADE0-75FDB4981694}
	EndGlobalSection
	GlobalSection(ExtensibilityGlobals) = postSolution
		SolutionGuid = {0CEE8C4C-8559-4E8C-887C-5EFC598C1DBF}
	EndGlobalSection
EndGlobal
